
Microsoft Visual Studio Solution File, Format Version 12.00
# Visual Studio Version 17
VisualStudioVersion = 17.5.33424.131
MinimumVisualStudioVersion = 10.0.40219.1
Project("{FAE04EC0-301F-11D3-BF4B-00C04F79EFBC}") = "AppSettingsTest", "AppSettingsTest\AppSettingsTest.csproj", "{C230DDEF-691E-4932-9114-F4AE6C05E522}"
EndProject
Global
	GlobalSection(SolutionConfigurationPlatforms) = preSolution
		Debug|Any CPU = Debug|Any CPU
		Release|Any CPU = Release|Any CPU
	EndGlobalSection
	GlobalSection(ProjectConfigurationPlatforms) = postSolution
		{C230DDEF-691E-4932-9114-F4AE6C05E522}.Debug|Any CPU.ActiveCfg = Debug|Any CPU
		{C230DDEF-691E-4932-9114-F4AE6C05E522}.Debug|Any CPU.Build.0 = Debug|Any CPU
		{C230DDEF-691E-4932-9114-F4AE6C05E522}.Release|Any CPU.ActiveCfg = Release|Any CPU
		{C230DDEF-691E-4932-9114-F4AE6C05E522}.Release|Any CPU.Build.0 = Release|Any CPU
	EndGlobalSection
	GlobalSection(SolutionProperties) = preSolution
		HideSolutionNode = FALSE
	EndGlobalSection
	GlobalSection(ExtensibilityGlobals) = postSolution
		SolutionGuid = {1FE40A67-131A-43AB-BB26-ADD20DCE4C06}
	EndGlobalSection
EndGlobal
